<?xml version="1.0" encoding="utf-8"?>
<Project ToolsVersion="4.0" xmlns="http://schemas.microsoft.com/developer/msbuild/2003">
  <ItemGroup>
    <Filter Include="bsdiff">
      <UniqueIdentifier>{020f1457-e23e-4fe4-94e6-4e7aa5aff87e}</UniqueIdentifier>
    </Filter>
    <Filter Include="uuid">
      <UniqueIdentifier>{24243e14-abb3-4cc4-beb1-a0c6c21e0062}</UniqueIdentifier>
    </Filter>
    <Filter Include="client">
      <UniqueIdentifier>{a9295d75-4785-4b47-8640-6e8d53611f24}</UniqueIdentifier>
    </Filter>
  </ItemGroup>
  <ItemGroup>
    <ClCompile Include="bsdiff\blocksort.c">
      <Filter>bsdiff</Filter>
    </ClCompile>
    <ClCompile Include="bsdiff\bsdiff.c">
      <Filter>bsdiff</Filter>
    </ClCompile>
    <ClCompile Include="bsdiff\bspatch.c">
      <Filter>bsdiff</Filter>
    </ClCompile>
    <ClCompile Include="bsdiff\bzlib.c">
      <Filter>bsdiff</Filter>
    </ClCompile>
    <ClCompile Include="bsdiff\compress.c">
      <Filter>bsdiff</Filter>
    </ClCompile>
    <ClCompile Include="bsdiff\crctable.c">
      <Filter>bsdiff</Filter>
    </ClCompile>
    <ClCompile Include="bsdiff\decompress.c">
      <Filter>bsdiff</Filter>
    </ClCompile>
    <ClCompile Include="bsdiff\huffman.c">
      <Filter>bsdiff</Filter>
    </ClCompile>
    <ClCompile Include="bsdiff\randtable.c">
      <Filter>bsdiff</Filter>
    </ClCompile>
    <ClCompile Include="uuid\bitcoder.cpp">
      <Filter>uuid</Filter>
    </ClCompile>
    <ClCompile Include="uuid\md5.cpp">
      <Filter>uuid</Filter>
    </ClCompile>
    <ClCompile Include="uuid\uuid32.cpp">
      <Filter>uuid</Filter>
    </ClCompile>
    <ClCompile Include="client\export.cc">
      <Filter>client</Filter>
    </ClCompile>
  </ItemGroup>
  <ItemGroup>
    <ClInclude Include="bsdiff\bstype.h">
      <Filter>bsdiff</Filter>
    </ClInclude>
    <ClInclude Include="bsdiff\bzlib.h">
      <Filter>bsdiff</Filter>
    </ClInclude>
    <ClInclude Include="bsdiff\bzlib_private.h">
      <Filter>bsdiff</Filter>
    </ClInclude>
    <ClInclude Include="uuid\cdatatype.h">
      <Filter>uuid</Filter>
    </ClInclude>
    <ClInclude Include="uuid\md5.h">
      <Filter>uuid</Filter>
    </ClInclude>
    <ClInclude Include="uuid\uuid32.h">
      <Filter>uuid</Filter>
    </ClInclude>
    <ClInclude Include="client\export.h">
      <Filter>client</Filter>
    </ClInclude>
  </ItemGroup>
</Project>