// !$*UTF8*$!
{
	archiveVersion = 1;
	classes = {
	};
	objectVersion = 46;
	objects = {

/* Begin PBXBuildFile section */
		011E9F601FBED8640026326F /* bitcoder.cpp in Sources */ = {isa = PBXBuildFile; fileRef = 01C2FDCF1FB0BD0B003E6658 /* bitcoder.cpp */; };
		011E9F611FBED8640026326F /* md5.cpp in Sources */ = {isa = PBXBuildFile; fileRef = 01C2FDD11FB0BD0B003E6658 /* md5.cpp */; };
		011E9F621FBED8640026326F /* uuid32.cpp in Sources */ = {isa = PBXBuildFile; fileRef = 01C2FDD31FB0BD0B003E6658 /* uuid32.cpp */; };
		011E9FAE1FBED8640026326F /* blocksort.c in Sources */ = {isa = PBXBuildFile; fileRef = 01C2FCF11FB0BCF7003E6658 /* blocksort.c */; };
		011E9FAF1FBED8640026326F /* bsdiff.c in Sources */ = {isa = PBXBuildFile; fileRef = 01C2FCF21FB0BCF7003E6658 /* bsdiff.c */; };
		011E9FB01FBED8640026326F /* bspatch.c in Sources */ = {isa = PBXBuildFile; fileRef = 01C2FCF31FB0BCF7003E6658 /* bspatch.c */; };
		011E9FB11FBED8640026326F /* bzlib.c in Sources */ = {isa = PBXBuildFile; fileRef = 01C2FCF51FB0BCF7003E6658 /* bzlib.c */; };
		011E9FB21FBED8640026326F /* compress.c in Sources */ = {isa = PBXBuildFile; fileRef = 01C2FCF81FB0BCF7003E6658 /* compress.c */; };
		011E9FB31FBED8640026326F /* crctable.c in Sources */ = {isa = PBXBuildFile; fileRef = 01C2FCF91FB0BCF7003E6658 /* crctable.c */; };
		011E9FB41FBED8640026326F /* decompress.c in Sources */ = {isa = PBXBuildFile; fileRef = 01C2FCFA1FB0BCF7003E6658 /* decompress.c */; };
		011E9FB51FBED8640026326F /* huffman.c in Sources */ = {isa = PBXBuildFile; fileRef = 01C2FCFB1FB0BCF7003E6658 /* huffman.c */; };
		011E9FB61FBED8640026326F /* randtable.c in Sources */ = {isa = PBXBuildFile; fileRef = 01C2FCFC1FB0BCF7003E6658 /* randtable.c */; };
		011E9FC21FBED8BD0026326F /* bitcoder.cpp in Sources */ = {isa = PBXBuildFile; fileRef = 01C2FDCF1FB0BD0B003E6658 /* bitcoder.cpp */; };
		011E9FC31FBED8BD0026326F /* md5.cpp in Sources */ = {isa = PBXBuildFile; fileRef = 01C2FDD11FB0BD0B003E6658 /* md5.cpp */; };
		011E9FC41FBED8BD0026326F /* uuid32.cpp in Sources */ = {isa = PBXBuildFile; fileRef = 01C2FDD31FB0BD0B003E6658 /* uuid32.cpp */; };
		011EA0101FBED8BD0026326F /* blocksort.c in Sources */ = {isa = PBXBuildFile; fileRef = 01C2FCF11FB0BCF7003E6658 /* blocksort.c */; };
		011EA0111FBED8BD0026326F /* bsdiff.c in Sources */ = {isa = PBXBuildFile; fileRef = 01C2FCF21FB0BCF7003E6658 /* bsdiff.c */; };
		011EA0121FBED8BD0026326F /* bspatch.c in Sources */ = {isa = PBXBuildFile; fileRef = 01C2FCF31FB0BCF7003E6658 /* bspatch.c */; };
		011EA0131FBED8BD0026326F /* bzlib.c in Sources */ = {isa = PBXBuildFile; fileRef = 01C2FCF51FB0BCF7003E6658 /* bzlib.c */; };
		011EA0141FBED8BD0026326F /* compress.c in Sources */ = {isa = PBXBuildFile; fileRef = 01C2FCF81FB0BCF7003E6658 /* compress.c */; };
		011EA0151FBED8BD0026326F /* crctable.c in Sources */ = {isa = PBXBuildFile; fileRef = 01C2FCF91FB0BCF7003E6658 /* crctable.c */; };
		011EA0161FBED8BD0026326F /* decompress.c in Sources */ = {isa = PBXBuildFile; fileRef = 01C2FCFA1FB0BCF7003E6658 /* decompress.c */; };
		011EA0171FBED8BD0026326F /* huffman.c in Sources */ = {isa = PBXBuildFile; fileRef = 01C2FCFB1FB0BCF7003E6658 /* huffman.c */; };
		011EA0181FBED8BD0026326F /* randtable.c in Sources */ = {isa = PBXBuildFile; fileRef = 01C2FCFC1FB0BCF7003E6658 /* randtable.c */; };
		01C3239E1FC9AF8C00D3A8F9 /* export.cc in Sources */ = {isa = PBXBuildFile; fileRef = 01C3239C1FC9AF8C00D3A8F9 /* export.cc */; };
		01C3239F1FC9AF9B00D3A8F9 /* export.cc in Sources */ = {isa = PBXBuildFile; fileRef = 01C3239C1FC9AF8C00D3A8F9 /* export.cc */; };
/* End PBXBuildFile section */

/* Begin PBXCopyFilesBuildPhase section */
		011E9F541FBED7C90026326F /* CopyFiles */ = {
			isa = PBXCopyFilesBuildPhase;
			buildActionMask = 2147483647;
			dstPath = "include/$(PRODUCT_NAME)";
			dstSubfolderSpec = 16;
			files = (
			);
			runOnlyForDeploymentPostprocessing = 0;
		};
/* End PBXCopyFilesBuildPhase section */

/* Begin PBXFileReference section */
		011E9F561FBED7C90026326F /* libcommon.a */ = {isa = PBXFileReference; explicitFileType = archive.ar; includeInIndex = 0; path = libcommon.a; sourceTree = BUILT_PRODUCTS_DIR; };
		011E9FBB1FBED8A60026326F /* common.bundle */ = {isa = PBXFileReference; explicitFileType = wrapper.cfbundle; includeInIndex = 0; path = common.bundle; sourceTree = BUILT_PRODUCTS_DIR; };
		01C2FCF11FB0BCF7003E6658 /* blocksort.c */ = {isa = PBXFileReference; lastKnownFileType = sourcecode.c.c; path = blocksort.c; sourceTree = "<group>"; };
		01C2FCF21FB0BCF7003E6658 /* bsdiff.c */ = {isa = PBXFileReference; lastKnownFileType = sourcecode.c.c; path = bsdiff.c; sourceTree = "<group>"; };
		01C2FCF31FB0BCF7003E6658 /* bspatch.c */ = {isa = PBXFileReference; lastKnownFileType = sourcecode.c.c; path = bspatch.c; sourceTree = "<group>"; };
		01C2FCF41FB0BCF7003E6658 /* bstype.h */ = {isa = PBXFileReference; lastKnownFileType = sourcecode.c.h; path = bstype.h; sourceTree = "<group>"; };
		01C2FCF51FB0BCF7003E6658 /* bzlib.c */ = {isa = PBXFileReference; lastKnownFileType = sourcecode.c.c; path = bzlib.c; sourceTree = "<group>"; };
		01C2FCF61FB0BCF7003E6658 /* bzlib.h */ = {isa = PBXFileReference; lastKnownFileType = sourcecode.c.h; path = bzlib.h; sourceTree = "<group>"; };
		01C2FCF71FB0BCF7003E6658 /* bzlib_private.h */ = {isa = PBXFileReference; lastKnownFileType = sourcecode.c.h; path = bzlib_private.h; sourceTree = "<group>"; };
		01C2FCF81FB0BCF7003E6658 /* compress.c */ = {isa = PBXFileReference; lastKnownFileType = sourcecode.c.c; path = compress.c; sourceTree = "<group>"; };
		01C2FCF91FB0BCF7003E6658 /* crctable.c */ = {isa = PBXFileReference; lastKnownFileType = sourcecode.c.c; path = crctable.c; sourceTree = "<group>"; };
		01C2FCFA1FB0BCF7003E6658 /* decompress.c */ = {isa = PBXFileReference; lastKnownFileType = sourcecode.c.c; path = decompress.c; sourceTree = "<group>"; };
		01C2FCFB1FB0BCF7003E6658 /* huffman.c */ = {isa = PBXFileReference; lastKnownFileType = sourcecode.c.c; path = huffman.c; sourceTree = "<group>"; };
		01C2FCFC1FB0BCF7003E6658 /* randtable.c */ = {isa = PBXFileReference; lastKnownFileType = sourcecode.c.c; path = randtable.c; sourceTree = "<group>"; };
		01C2FDCF1FB0BD0B003E6658 /* bitcoder.cpp */ = {isa = PBXFileReference; lastKnownFileType = sourcecode.cpp.cpp; path = bitcoder.cpp; sourceTree = "<group>"; };
		01C2FDD01FB0BD0B003E6658 /* cdatatype.h */ = {isa = PBXFileReference; lastKnownFileType = sourcecode.c.h; path = cdatatype.h; sourceTree = "<group>"; };
		01C2FDD11FB0BD0B003E6658 /* md5.cpp */ = {isa = PBXFileReference; lastKnownFileType = sourcecode.cpp.cpp; path = md5.cpp; sourceTree = "<group>"; };
		01C2FDD21FB0BD0B003E6658 /* md5.h */ = {isa = PBXFileReference; lastKnownFileType = sourcecode.c.h; path = md5.h; sourceTree = "<group>"; };
		01C2FDD31FB0BD0B003E6658 /* uuid32.cpp */ = {isa = PBXFileReference; lastKnownFileType = sourcecode.cpp.cpp; path = uuid32.cpp; sourceTree = "<group>"; };
		01C2FDD41FB0BD0B003E6658 /* uuid32.h */ = {isa = PBXFileReference; lastKnownFileType = sourcecode.c.h; path = uuid32.h; sourceTree = "<group>"; };
		01C3239C1FC9AF8C00D3A8F9 /* export.cc */ = {isa = PBXFileReference; fileEncoding = 4; lastKnownFileType = sourcecode.cpp.cpp; path = export.cc; sourceTree = "<group>"; };
		01C3239D1FC9AF8C00D3A8F9 /* export.h */ = {isa = PBXFileReference; fileEncoding = 4; lastKnownFileType = sourcecode.c.h; path = export.h; sourceTree = "<group>"; };
/* End PBXFileReference section */

/* Begin PBXFrameworksBuildPhase section */
		011E9F531FBED7C90026326F /* Frameworks */ = {
			isa = PBXFrameworksBuildPhase;
			buildActionMask = 2147483647;
			files = (
			);
			runOnlyForDeploymentPostprocessing = 0;
		};
		011E9FB81FBED8A60026326F /* Frameworks */ = {
			isa = PBXFrameworksBuildPhase;
			buildActionMask = 2147483647;
			files = (
			);
			runOnlyForDeploymentPostprocessing = 0;
		};
/* End PBXFrameworksBuildPhase section */

/* Begin PBXGroup section */
		01C2FCE91FB0BCD5003E6658 = {
			isa = PBXGroup;
			children = (
				01C3239B1FC9AF8C00D3A8F9 /* client */,
				01C2FDCE1FB0BD0B003E6658 /* uuid */,
				01C2FCF01FB0BCF7003E6658 /* bsdiff */,
				011E9F561FBED7C90026326F /* libcommon.a */,
				011E9FBB1FBED8A60026326F /* common.bundle */,
			);
			sourceTree = "<group>";
		};
		01C2FCF01FB0BCF7003E6658 /* bsdiff */ = {
			isa = PBXGroup;
			children = (
				01C2FCF11FB0BCF7003E6658 /* blocksort.c */,
				01C2FCF21FB0BCF7003E6658 /* bsdiff.c */,
				01C2FCF31FB0BCF7003E6658 /* bspatch.c */,
				01C2FCF41FB0BCF7003E6658 /* bstype.h */,
				01C2FCF51FB0BCF7003E6658 /* bzlib.c */,
				01C2FCF61FB0BCF7003E6658 /* bzlib.h */,
				01C2FCF71FB0BCF7003E6658 /* bzlib_private.h */,
				01C2FCF81FB0BCF7003E6658 /* compress.c */,
				01C2FCF91FB0BCF7003E6658 /* crctable.c */,
				01C2FCFA1FB0BCF7003E6658 /* decompress.c */,
				01C2FCFB1FB0BCF7003E6658 /* huffman.c */,
				01C2FCFC1FB0BCF7003E6658 /* randtable.c */,
			);
			path = bsdiff;
			sourceTree = "<group>";
		};
		01C2FDCE1FB0BD0B003E6658 /* uuid */ = {
			isa = PBXGroup;
			children = (
				01C2FDCF1FB0BD0B003E6658 /* bitcoder.cpp */,
				01C2FDD01FB0BD0B003E6658 /* cdatatype.h */,
				01C2FDD11FB0BD0B003E6658 /* md5.cpp */,
				01C2FDD21FB0BD0B003E6658 /* md5.h */,
				01C2FDD31FB0BD0B003E6658 /* uuid32.cpp */,
				01C2FDD41FB0BD0B003E6658 /* uuid32.h */,
			);
			path = uuid;
			sourceTree = "<group>";
		};
		01C3239B1FC9AF8C00D3A8F9 /* client */ = {
			isa = PBXGroup;
			children = (
				01C3239C1FC9AF8C00D3A8F9 /* export.cc */,
				01C3239D1FC9AF8C00D3A8F9 /* export.h */,
			);
			path = client;
			sourceTree = "<group>";
		};
/* End PBXGroup section */

/* Begin PBXNativeTarget section */
		011E9F551FBED7C90026326F /* iphoneos */ = {
			isa = PBXNativeTarget;
			buildConfigurationList = 011E9F5C1FBED7C90026326F /* Build configuration list for PBXNativeTarget "iphoneos" */;
			buildPhases = (
				011E9F521FBED7C90026326F /* Sources */,
				011E9F531FBED7C90026326F /* Frameworks */,
				011E9F541FBED7C90026326F /* CopyFiles */,
			);
			buildRules = (
			);
			dependencies = (
			);
			name = iphoneos;
			productName = iphoneos;
			productReference = 011E9F561FBED7C90026326F /* libcommon.a */;
			productType = "com.apple.product-type.library.static";
		};
		011E9FBA1FBED8A60026326F /* macos */ = {
			isa = PBXNativeTarget;
			buildConfigurationList = 011E9FBE1FBED8A60026326F /* Build configuration list for PBXNativeTarget "macos" */;
			buildPhases = (
				011E9FB71FBED8A60026326F /* Sources */,
				011E9FB81FBED8A60026326F /* Frameworks */,
				011E9FB91FBED8A60026326F /* Resources */,
			);
			buildRules = (
			);
			dependencies = (
			);
			name = macos;
			productName = macos;
			productReference = 011E9FBB1FBED8A60026326F /* common.bundle */;
			productType = "com.apple.product-type.bundle";
		};
/* End PBXNativeTarget section */

/* Begin PBXProject section */
		01C2FCEA1FB0BCD5003E6658 /* Project object */ = {
			isa = PBXProject;
			attributes = {
				LastUpgradeCheck = 0830;
				TargetAttributes = {
					011E9F551FBED7C90026326F = {
						CreatedOnToolsVersion = 8.3.3;
						DevelopmentTeam = 57JGBTX2EM;
						ProvisioningStyle = Automatic;
					};
					011E9FBA1FBED8A60026326F = {
						CreatedOnToolsVersion = 8.3.3;
						DevelopmentTeam = 57JGBTX2EM;
						ProvisioningStyle = Automatic;
					};
				};
			};
			buildConfigurationList = 01C2FCED1FB0BCD5003E6658 /* Build configuration list for PBXProject "common" */;
			compatibilityVersion = "Xcode 3.2";
			developmentRegion = English;
			hasScannedForEncodings = 0;
			knownRegions = (
				en,
			);
			mainGroup = 01C2FCE91FB0BCD5003E6658;
			productRefGroup = 01C2FCE91FB0BCD5003E6658;
			projectDirPath = "";
			projectRoot = "";
			targets = (
				011E9F551FBED7C90026326F /* iphoneos */,
				011E9FBA1FBED8A60026326F /* macos */,
			);
		};
/* End PBXProject section */

/* Begin PBXResourcesBuildPhase section */
		011E9FB91FBED8A60026326F /* Resources */ = {
			isa = PBXResourcesBuildPhase;
			buildActionMask = 2147483647;
			files = (
			);
			runOnlyForDeploymentPostprocessing = 0;
		};
/* End PBXResourcesBuildPhase section */

/* Begin PBXSourcesBuildPhase section */
		011E9F521FBED7C90026326F /* Sources */ = {
			isa = PBXSourcesBuildPhase;
			buildActionMask = 2147483647;
			files = (
				01C3239E1FC9AF8C00D3A8F9 /* export.cc in Sources */,
				011E9F601FBED8640026326F /* bitcoder.cpp in Sources */,
				011E9F611FBED8640026326F /* md5.cpp in Sources */,
				011E9F621FBED8640026326F /* uuid32.cpp in Sources */,
				011E9FAE1FBED8640026326F /* blocksort.c in Sources */,
				011E9FAF1FBED8640026326F /* bsdiff.c in Sources */,
				011E9FB01FBED8640026326F /* bspatch.c in Sources */,
				011E9FB11FBED8640026326F /* bzlib.c in Sources */,
				011E9FB21FBED8640026326F /* compress.c in Sources */,
				011E9FB31FBED8640026326F /* crctable.c in Sources */,
				011E9FB41FBED8640026326F /* decompress.c in Sources */,
				011E9FB51FBED8640026326F /* huffman.c in Sources */,
				011E9FB61FBED8640026326F /* randtable.c in Sources */,
			);
			runOnlyForDeploymentPostprocessing = 0;
		};
		011E9FB71FBED8A60026326F /* Sources */ = {
			isa = PBXSourcesBuildPhase;
			buildActionMask = 2147483647;
			files = (
				01C3239F1FC9AF9B00D3A8F9 /* export.cc in Sources */,
				011E9FC21FBED8BD0026326F /* bitcoder.cpp in Sources */,
				011E9FC31FBED8BD0026326F /* md5.cpp in Sources */,
				011E9FC41FBED8BD0026326F /* uuid32.cpp in Sources */,
				011EA0101FBED8BD0026326F /* blocksort.c in Sources */,
				011EA0111FBED8BD0026326F /* bsdiff.c in Sources */,
				011EA0121FBED8BD0026326F /* bspatch.c in Sources */,
				011EA0131FBED8BD0026326F /* bzlib.c in Sources */,
				011EA0141FBED8BD0026326F /* compress.c in Sources */,
				011EA0151FBED8BD0026326F /* crctable.c in Sources */,
				011EA0161FBED8BD0026326F /* decompress.c in Sources */,
				011EA0171FBED8BD0026326F /* huffman.c in Sources */,
				011EA0181FBED8BD0026326F /* randtable.c in Sources */,
			);
			runOnlyForDeploymentPostprocessing = 0;
		};
/* End PBXSourcesBuildPhase section */

/* Begin XCBuildConfiguration section */
		011E9F5D1FBED7C90026326F /* Debug */ = {
			isa = XCBuildConfiguration;
			buildSettings = {
				CLANG_ANALYZER_NONNULL = YES;
				CLANG_ANALYZER_NUMBER_OBJECT_CONVERSION = YES_AGGRESSIVE;
				CLANG_CXX_LANGUAGE_STANDARD = "gnu++0x";
				CLANG_CXX_LIBRARY = "libc++";
				CLANG_ENABLE_MODULES = YES;
				CLANG_ENABLE_OBJC_ARC = YES;
				CLANG_WARN_BOOL_CONVERSION = YES;
				CLANG_WARN_CONSTANT_CONVERSION = YES;
				CLANG_WARN_DIRECT_OBJC_ISA_USAGE = YES_ERROR;
				CLANG_WARN_DOCUMENTATION_COMMENTS = YES;
				CLANG_WARN_EMPTY_BODY = YES;
				CLANG_WARN_ENUM_CONVERSION = YES;
				CLANG_WARN_INFINITE_RECURSION = YES;
				CLANG_WARN_INT_CONVERSION = YES;
				CLANG_WARN_OBJC_ROOT_CLASS = YES_ERROR;
				CLANG_WARN_SUSPICIOUS_MOVE = YES;
				CLANG_WARN_UNREACHABLE_CODE = YES;
				CLANG_WARN__DUPLICATE_METHOD_MATCH = YES;
				"CODE_SIGN_IDENTITY[sdk=iphoneos*]" = "iPhone Developer";
				COPY_PHASE_STRIP = NO;
				DEBUG_INFORMATION_FORMAT = dwarf;
				DEVELOPMENT_TEAM = 57JGBTX2EM;
				ENABLE_STRICT_OBJC_MSGSEND = YES;
				ENABLE_TESTABILITY = YES;
				GCC_C_LANGUAGE_STANDARD = gnu99;
				GCC_DYNAMIC_NO_PIC = NO;
				GCC_NO_COMMON_BLOCKS = YES;
				GCC_OPTIMIZATION_LEVEL = 0;
				GCC_PREPROCESSOR_DEFINITIONS = (
					"DEBUG=1",
					"$(inherited)",
				);
				GCC_WARN_64_TO_32_BIT_CONVERSION = YES;
				GCC_WARN_ABOUT_RETURN_TYPE = YES_ERROR;
				GCC_WARN_UNDECLARED_SELECTOR = YES;
				GCC_WARN_UNINITIALIZED_AUTOS = YES_AGGRESSIVE;
				GCC_WARN_UNUSED_FUNCTION = YES;
				GCC_WARN_UNUSED_VARIABLE = YES;
				IPHONEOS_DEPLOYMENT_TARGET = 8.0;
				MTL_ENABLE_DEBUG_INFO = YES;
				ONLY_ACTIVE_ARCH = YES;
				OTHER_LDFLAGS = "-ObjC";
				PRODUCT_NAME = common;
				SDKROOT = iphoneos;
				SKIP_INSTALL = YES;
			};
			name = Debug;
		};
		011E9F5E1FBED7C90026326F /* Release */ = {
			isa = XCBuildConfiguration;
			buildSettings = {
				CLANG_ANALYZER_NONNULL = YES;
				CLANG_ANALYZER_NUMBER_OBJECT_CONVERSION = YES_AGGRESSIVE;
				CLANG_CXX_LANGUAGE_STANDARD = "gnu++0x";
				CLANG_CXX_LIBRARY = "libc++";
				CLANG_ENABLE_MODULES = YES;
				CLANG_ENABLE_OBJC_ARC = YES;
				CLANG_WARN_BOOL_CONVERSION = YES;
				CLANG_WARN_CONSTANT_CONVERSION = YES;
				CLANG_WARN_DIRECT_OBJC_ISA_USAGE = YES_ERROR;
				CLANG_WARN_DOCUMENTATION_COMMENTS = YES;
				CLANG_WARN_EMPTY_BODY = YES;
				CLANG_WARN_ENUM_CONVERSION = YES;
				CLANG_WARN_INFINITE_RECURSION = YES;
				CLANG_WARN_INT_CONVERSION = YES;
				CLANG_WARN_OBJC_ROOT_CLASS = YES_ERROR;
				CLANG_WARN_SUSPICIOUS_MOVE = YES;
				CLANG_WARN_UNREACHABLE_CODE = YES;
				CLANG_WARN__DUPLICATE_METHOD_MATCH = YES;
				"CODE_SIGN_IDENTITY[sdk=iphoneos*]" = "iPhone Developer";
				COPY_PHASE_STRIP = NO;
				DEBUG_INFORMATION_FORMAT = "dwarf-with-dsym";
				DEVELOPMENT_TEAM = 57JGBTX2EM;
				ENABLE_NS_ASSERTIONS = NO;
				ENABLE_STRICT_OBJC_MSGSEND = YES;
				GCC_C_LANGUAGE_STANDARD = gnu99;
				GCC_NO_COMMON_BLOCKS = YES;
				GCC_WARN_64_TO_32_BIT_CONVERSION = YES;
				GCC_WARN_ABOUT_RETURN_TYPE = YES_ERROR;
				GCC_WARN_UNDECLARED_SELECTOR = YES;
				GCC_WARN_UNINITIALIZED_AUTOS = YES_AGGRESSIVE;
				GCC_WARN_UNUSED_FUNCTION = YES;
				GCC_WARN_UNUSED_VARIABLE = YES;
				IPHONEOS_DEPLOYMENT_TARGET = 8.0;
				MTL_ENABLE_DEBUG_INFO = NO;
				OTHER_LDFLAGS = "-ObjC";
				PRODUCT_NAME = common;
				SDKROOT = iphoneos;
				SKIP_INSTALL = YES;
				VALIDATE_PRODUCT = YES;
			};
			name = Release;
		};
		011E9FBF1FBED8A60026326F /* Debug */ = {
			isa = XCBuildConfiguration;
			buildSettings = {
				ARCHS = "$(NATIVE_ARCH_ACTUAL)";
				CLANG_ANALYZER_NONNULL = YES;
				CLANG_ANALYZER_NUMBER_OBJECT_CONVERSION = YES_AGGRESSIVE;
				CLANG_CXX_LANGUAGE_STANDARD = "gnu++0x";
				CLANG_CXX_LIBRARY = "libc++";
				CLANG_ENABLE_MODULES = YES;
				CLANG_ENABLE_OBJC_ARC = YES;
				CLANG_WARN_BOOL_CONVERSION = YES;
				CLANG_WARN_CONSTANT_CONVERSION = YES;
				CLANG_WARN_DIRECT_OBJC_ISA_USAGE = YES_ERROR;
				CLANG_WARN_DOCUMENTATION_COMMENTS = YES;
				CLANG_WARN_EMPTY_BODY = YES;
				CLANG_WARN_ENUM_CONVERSION = YES;
				CLANG_WARN_INFINITE_RECURSION = YES;
				CLANG_WARN_INT_CONVERSION = YES;
				CLANG_WARN_OBJC_ROOT_CLASS = YES_ERROR;
				CLANG_WARN_SUSPICIOUS_MOVE = YES;
				CLANG_WARN_UNREACHABLE_CODE = YES;
				CLANG_WARN__DUPLICATE_METHOD_MATCH = YES;
				CODE_SIGN_IDENTITY = "-";
				COMBINE_HIDPI_IMAGES = YES;
				COPY_PHASE_STRIP = NO;
				DEBUG_INFORMATION_FORMAT = dwarf;
				DEVELOPMENT_TEAM = 57JGBTX2EM;
				ENABLE_STRICT_OBJC_MSGSEND = YES;
				ENABLE_TESTABILITY = YES;
				GCC_C_LANGUAGE_STANDARD = gnu99;
				GCC_DYNAMIC_NO_PIC = NO;
				GCC_NO_COMMON_BLOCKS = YES;
				GCC_OPTIMIZATION_LEVEL = 0;
				GCC_PREPROCESSOR_DEFINITIONS = (
					"DEBUG=1",
					"$(inherited)",
				);
				GCC_WARN_64_TO_32_BIT_CONVERSION = YES;
				GCC_WARN_ABOUT_RETURN_TYPE = YES_ERROR;
				GCC_WARN_UNDECLARED_SELECTOR = YES;
				GCC_WARN_UNINITIALIZED_AUTOS = YES_AGGRESSIVE;
				GCC_WARN_UNUSED_FUNCTION = YES;
				GCC_WARN_UNUSED_VARIABLE = YES;
				INFOPLIST_FILE = "";
				INSTALL_PATH = "$(LOCAL_LIBRARY_DIR)/Bundles";
				MACOSX_DEPLOYMENT_TARGET = 10.7;
				MTL_ENABLE_DEBUG_INFO = YES;
				ONLY_ACTIVE_ARCH = YES;
				PRODUCT_BUNDLE_IDENTIFIER = cxz.macos;
				PRODUCT_NAME = common;
				SDKROOT = macosx;
				SKIP_INSTALL = YES;
				SUPPORTED_PLATFORMS = macosx;
				WRAPPER_EXTENSION = bundle;
			};
			name = Debug;
		};
		011E9FC01FBED8A60026326F /* Release */ = {
			isa = XCBuildConfiguration;
			buildSettings = {
				ARCHS = "$(NATIVE_ARCH_ACTUAL)";
				CLANG_ANALYZER_NONNULL = YES;
				CLANG_ANALYZER_NUMBER_OBJECT_CONVERSION = YES_AGGRESSIVE;
				CLANG_CXX_LANGUAGE_STANDARD = "gnu++0x";
				CLANG_CXX_LIBRARY = "libc++";
				CLANG_ENABLE_MODULES = YES;
				CLANG_ENABLE_OBJC_ARC = YES;
				CLANG_WARN_BOOL_CONVERSION = YES;
				CLANG_WARN_CONSTANT_CONVERSION = YES;
				CLANG_WARN_DIRECT_OBJC_ISA_USAGE = YES_ERROR;
				CLANG_WARN_DOCUMENTATION_COMMENTS = YES;
				CLANG_WARN_EMPTY_BODY = YES;
				CLANG_WARN_ENUM_CONVERSION = YES;
				CLANG_WARN_INFINITE_RECURSION = YES;
				CLANG_WARN_INT_CONVERSION = YES;
				CLANG_WARN_OBJC_ROOT_CLASS = YES_ERROR;
				CLANG_WARN_SUSPICIOUS_MOVE = YES;
				CLANG_WARN_UNREACHABLE_CODE = YES;
				CLANG_WARN__DUPLICATE_METHOD_MATCH = YES;
				CODE_SIGN_IDENTITY = "-";
				COMBINE_HIDPI_IMAGES = YES;
				COPY_PHASE_STRIP = NO;
				DEBUG_INFORMATION_FORMAT = "dwarf-with-dsym";
				DEVELOPMENT_TEAM = 57JGBTX2EM;
				ENABLE_NS_ASSERTIONS = NO;
				ENABLE_STRICT_OBJC_MSGSEND = YES;
				GCC_C_LANGUAGE_STANDARD = gnu99;
				GCC_NO_COMMON_BLOCKS = YES;
				GCC_WARN_64_TO_32_BIT_CONVERSION = YES;
				GCC_WARN_ABOUT_RETURN_TYPE = YES_ERROR;
				GCC_WARN_UNDECLARED_SELECTOR = YES;
				GCC_WARN_UNINITIALIZED_AUTOS = YES_AGGRESSIVE;
				GCC_WARN_UNUSED_FUNCTION = YES;
				GCC_WARN_UNUSED_VARIABLE = YES;
				INFOPLIST_FILE = "";
				INSTALL_PATH = "$(LOCAL_LIBRARY_DIR)/Bundles";
				MACOSX_DEPLOYMENT_TARGET = 10.7;
				MTL_ENABLE_DEBUG_INFO = NO;
				PRODUCT_BUNDLE_IDENTIFIER = cxz.macos;
				PRODUCT_NAME = common;
				SDKROOT = macosx;
				SKIP_INSTALL = YES;
				SUPPORTED_PLATFORMS = macosx;
				WRAPPER_EXTENSION = bundle;
			};
			name = Release;
		};
		01C2FCEE1FB0BCD5003E6658 /* Debug */ = {
			isa = XCBuildConfiguration;
			buildSettings = {
				ALWAYS_SEARCH_USER_PATHS = NO;
				ARCHS = "$(ARCHS_STANDARD)";
				ENABLE_BITCODE = NO;
				GCC_GENERATE_DEBUGGING_SYMBOLS = NO;
				HEADER_SEARCH_PATHS = "~/Desktop/trunk/tools/common/";
				IPHONEOS_DEPLOYMENT_TARGET = 8.0;
				LIBRARY_SEARCH_PATHS = /usr/local/lib;
				OTHER_CFLAGS = "-DHAVE_PTHREAD";
				SDKROOT = iphoneos10.3;
				SUPPORTED_PLATFORMS = iphoneos;
			};
			name = Debug;
		};
		01C2FCEF1FB0BCD5003E6658 /* Release */ = {
			isa = XCBuildConfiguration;
			buildSettings = {
				ALWAYS_SEARCH_USER_PATHS = NO;
				ARCHS = "$(ARCHS_STANDARD)";
				ENABLE_BITCODE = NO;
				GCC_GENERATE_DEBUGGING_SYMBOLS = NO;
				HEADER_SEARCH_PATHS = "~/Desktop/trunk/tools/common/";
				IPHONEOS_DEPLOYMENT_TARGET = 8.0;
				LIBRARY_SEARCH_PATHS = /usr/local/lib;
				OTHER_CFLAGS = "-DHAVE_PTHREAD";
				SDKROOT = iphoneos10.3;
				SUPPORTED_PLATFORMS = iphoneos;
			};
			name = Release;
		};
/* End XCBuildConfiguration section */

/* Begin XCConfigurationList section */
		011E9F5C1FBED7C90026326F /* Build configuration list for PBXNativeTarget "iphoneos" */ = {
			isa = XCConfigurationList;
			buildConfigurations = (
				011E9F5D1FBED7C90026326F /* Debug */,
				011E9F5E1FBED7C90026326F /* Release */,
			);
			defaultConfigurationIsVisible = 0;
			defaultConfigurationName = Release;
		};
		011E9FBE1FBED8A60026326F /* Build configuration list for PBXNativeTarget "macos" */ = {
			isa = XCConfigurationList;
			buildConfigurations = (
				011E9FBF1FBED8A60026326F /* Debug */,
				011E9FC01FBED8A60026326F /* Release */,
			);
			defaultConfigurationIsVisible = 0;
			defaultConfigurationName = Release;
		};
		01C2FCED1FB0BCD5003E6658 /* Build configuration list for PBXProject "common" */ = {
			isa = XCConfigurationList;
			buildConfigurations = (
				01C2FCEE1FB0BCD5003E6658 /* Debug */,
				01C2FCEF1FB0BCD5003E6658 /* Release */,
			);
			defaultConfigurationIsVisible = 0;
			defaultConfigurationName = Release;
		};
/* End XCConfigurationList section */
	};
	rootObject = 01C2FCEA1FB0BCD5003E6658 /* Project object */;
}
