
Microsoft Visual Studio Solution File, Format Version 12.00
# Visual Studio 15
VisualStudioVersion = 15.0.28307.489
MinimumVisualStudioVersion = 10.0.40219.1
Project("{8BC9CEB8-8B4A-11D0-8D11-00A0C91BC942}") = "gameengine", "gameengine\gameengine.vcxproj", "{35A15918-39EE-4B9F-B063-7F79D52349A5}"
EndProject
Global
	GlobalSection(SolutionConfigurationPlatforms) = preSolution
		Debug|x64 = Debug|x64
		Debug|x86 = Debug|x86
		Release|x64 = Release|x64
		Release|x86 = Release|x86
	EndGlobalSection
	GlobalSection(ProjectConfigurationPlatforms) = postSolution
		{35A15918-39EE-4B9F-B063-7F79D52349A5}.Debug|x64.ActiveCfg = Debug|x64
		{35A15918-39EE-4B9F-B063-7F79D52349A5}.Debug|x64.Build.0 = Debug|x64
		{35A15918-39EE-4B9F-B063-7F79D52349A5}.Debug|x86.ActiveCfg = Debug|Win32
		{35A15918-39EE-4B9F-B063-7F79D52349A5}.Debug|x86.Build.0 = Debug|Win32
		{35A15918-39EE-4B9F-B063-7F79D52349A5}.Release|x64.ActiveCfg = Release|x64
		{35A15918-39EE-4B9F-B063-7F79D52349A5}.Release|x64.Build.0 = Release|x64
		{35A15918-39EE-4B9F-B063-7F79D52349A5}.Release|x86.ActiveCfg = Release|Win32
		{35A15918-39EE-4B9F-B063-7F79D52349A5}.Release|x86.Build.0 = Release|Win32
	EndGlobalSection
	GlobalSection(SolutionProperties) = preSolution
		HideSolutionNode = FALSE
	EndGlobalSection
	GlobalSection(ExtensibilityGlobals) = postSolution
		SolutionGuid = {91F74CE3-F43C-4489-8400-488BD0284C0E}
	EndGlobalSection
EndGlobal
