
Microsoft Visual Studio Solution File, Format Version 12.00
# Visual Studio 14
VisualStudioVersion = 14.0.25420.1
MinimumVisualStudioVersion = 10.0.40219.1
Project("{8BC9CEB8-8B4A-11D0-8D11-00A0C91BC942}") = "astar", "astar\astar.vcxproj", "{A92F98A0-4B74-4CC6-B109-716694E08277}"
EndProject
Project("{8BC9CEB8-8B4A-11D0-8D11-00A0C91BC942}") = "bsp", "bsp\bsp.vcxproj", "{A2398941-BE7D-4DA9-ACF0-FCDB4474B97B}"
EndProject
Project("{8BC9CEB8-8B4A-11D0-8D11-00A0C91BC942}") = "octree", "octree\octree.vcxproj", "{E69EAE49-F018-4D40-B97E-BA00659C12E8}"
EndProject
Project("{8BC9CEB8-8B4A-11D0-8D11-00A0C91BC942}") = "quadtree", "quadtree\quadtree.vcxproj", "{F2A6ED6C-057A-4380-B471-FF5777730392}"
EndProject
Project("{8BC9CEB8-8B4A-11D0-8D11-00A0C91BC942}") = "navmesh", "navmesh\navmesh.vcxproj", "{32568752-7E1C-4539-BFDA-CBB291889AAA}"
EndProject
Project("{8BC9CEB8-8B4A-11D0-8D11-00A0C91BC942}") = "bt", "bt\bt.vcxproj", "{A5F356BE-BC84-4295-A528-E1A4C5E7A8B1}"
EndProject
Project("{8BC9CEB8-8B4A-11D0-8D11-00A0C91BC942}") = "bsdiff", "bsdiff\bsdiff.vcxproj", "{00DA3220-2261-46C6-A0F0-D8AFC4A1D1BC}"
EndProject
Global
	GlobalSection(SolutionConfigurationPlatforms) = preSolution
		Debug|x64 = Debug|x64
		Debug|x86 = Debug|x86
		Release|x64 = Release|x64
		Release|x86 = Release|x86
	EndGlobalSection
	GlobalSection(ProjectConfigurationPlatforms) = postSolution
		{A92F98A0-4B74-4CC6-B109-716694E08277}.Debug|x64.ActiveCfg = Debug|x64
		{A92F98A0-4B74-4CC6-B109-716694E08277}.Debug|x64.Build.0 = Debug|x64
		{A92F98A0-4B74-4CC6-B109-716694E08277}.Debug|x86.ActiveCfg = Debug|Win32
		{A92F98A0-4B74-4CC6-B109-716694E08277}.Debug|x86.Build.0 = Debug|Win32
		{A92F98A0-4B74-4CC6-B109-716694E08277}.Release|x64.ActiveCfg = Release|x64
		{A92F98A0-4B74-4CC6-B109-716694E08277}.Release|x64.Build.0 = Release|x64
		{A92F98A0-4B74-4CC6-B109-716694E08277}.Release|x86.ActiveCfg = Release|Win32
		{A92F98A0-4B74-4CC6-B109-716694E08277}.Release|x86.Build.0 = Release|Win32
		{A2398941-BE7D-4DA9-ACF0-FCDB4474B97B}.Debug|x64.ActiveCfg = Debug|x64
		{A2398941-BE7D-4DA9-ACF0-FCDB4474B97B}.Debug|x64.Build.0 = Debug|x64
		{A2398941-BE7D-4DA9-ACF0-FCDB4474B97B}.Debug|x86.ActiveCfg = Debug|Win32
		{A2398941-BE7D-4DA9-ACF0-FCDB4474B97B}.Debug|x86.Build.0 = Debug|Win32
		{A2398941-BE7D-4DA9-ACF0-FCDB4474B97B}.Release|x64.ActiveCfg = Release|x64
		{A2398941-BE7D-4DA9-ACF0-FCDB4474B97B}.Release|x64.Build.0 = Release|x64
		{A2398941-BE7D-4DA9-ACF0-FCDB4474B97B}.Release|x86.ActiveCfg = Release|Win32
		{A2398941-BE7D-4DA9-ACF0-FCDB4474B97B}.Release|x86.Build.0 = Release|Win32
		{E69EAE49-F018-4D40-B97E-BA00659C12E8}.Debug|x64.ActiveCfg = Debug|x64
		{E69EAE49-F018-4D40-B97E-BA00659C12E8}.Debug|x64.Build.0 = Debug|x64
		{E69EAE49-F018-4D40-B97E-BA00659C12E8}.Debug|x86.ActiveCfg = Debug|Win32
		{E69EAE49-F018-4D40-B97E-BA00659C12E8}.Debug|x86.Build.0 = Debug|Win32
		{E69EAE49-F018-4D40-B97E-BA00659C12E8}.Release|x64.ActiveCfg = Release|x64
		{E69EAE49-F018-4D40-B97E-BA00659C12E8}.Release|x64.Build.0 = Release|x64
		{E69EAE49-F018-4D40-B97E-BA00659C12E8}.Release|x86.ActiveCfg = Release|Win32
		{E69EAE49-F018-4D40-B97E-BA00659C12E8}.Release|x86.Build.0 = Release|Win32
		{F2A6ED6C-057A-4380-B471-FF5777730392}.Debug|x64.ActiveCfg = Debug|x64
		{F2A6ED6C-057A-4380-B471-FF5777730392}.Debug|x64.Build.0 = Debug|x64
		{F2A6ED6C-057A-4380-B471-FF5777730392}.Debug|x86.ActiveCfg = Debug|Win32
		{F2A6ED6C-057A-4380-B471-FF5777730392}.Debug|x86.Build.0 = Debug|Win32
		{F2A6ED6C-057A-4380-B471-FF5777730392}.Release|x64.ActiveCfg = Release|x64
		{F2A6ED6C-057A-4380-B471-FF5777730392}.Release|x64.Build.0 = Release|x64
		{F2A6ED6C-057A-4380-B471-FF5777730392}.Release|x86.ActiveCfg = Release|Win32
		{F2A6ED6C-057A-4380-B471-FF5777730392}.Release|x86.Build.0 = Release|Win32
		{32568752-7E1C-4539-BFDA-CBB291889AAA}.Debug|x64.ActiveCfg = Debug|x64
		{32568752-7E1C-4539-BFDA-CBB291889AAA}.Debug|x64.Build.0 = Debug|x64
		{32568752-7E1C-4539-BFDA-CBB291889AAA}.Debug|x86.ActiveCfg = Debug|Win32
		{32568752-7E1C-4539-BFDA-CBB291889AAA}.Debug|x86.Build.0 = Debug|Win32
		{32568752-7E1C-4539-BFDA-CBB291889AAA}.Release|x64.ActiveCfg = Release|x64
		{32568752-7E1C-4539-BFDA-CBB291889AAA}.Release|x64.Build.0 = Release|x64
		{32568752-7E1C-4539-BFDA-CBB291889AAA}.Release|x86.ActiveCfg = Release|Win32
		{32568752-7E1C-4539-BFDA-CBB291889AAA}.Release|x86.Build.0 = Release|Win32
		{A5F356BE-BC84-4295-A528-E1A4C5E7A8B1}.Debug|x64.ActiveCfg = Debug|x64
		{A5F356BE-BC84-4295-A528-E1A4C5E7A8B1}.Debug|x64.Build.0 = Debug|x64
		{A5F356BE-BC84-4295-A528-E1A4C5E7A8B1}.Debug|x86.ActiveCfg = Debug|Win32
		{A5F356BE-BC84-4295-A528-E1A4C5E7A8B1}.Debug|x86.Build.0 = Debug|Win32
		{A5F356BE-BC84-4295-A528-E1A4C5E7A8B1}.Release|x64.ActiveCfg = Release|x64
		{A5F356BE-BC84-4295-A528-E1A4C5E7A8B1}.Release|x64.Build.0 = Release|x64
		{A5F356BE-BC84-4295-A528-E1A4C5E7A8B1}.Release|x86.ActiveCfg = Release|Win32
		{A5F356BE-BC84-4295-A528-E1A4C5E7A8B1}.Release|x86.Build.0 = Release|Win32
		{00DA3220-2261-46C6-A0F0-D8AFC4A1D1BC}.Debug|x64.ActiveCfg = Debug|x64
		{00DA3220-2261-46C6-A0F0-D8AFC4A1D1BC}.Debug|x64.Build.0 = Debug|x64
		{00DA3220-2261-46C6-A0F0-D8AFC4A1D1BC}.Debug|x86.ActiveCfg = Debug|Win32
		{00DA3220-2261-46C6-A0F0-D8AFC4A1D1BC}.Debug|x86.Build.0 = Debug|Win32
		{00DA3220-2261-46C6-A0F0-D8AFC4A1D1BC}.Release|x64.ActiveCfg = Release|x64
		{00DA3220-2261-46C6-A0F0-D8AFC4A1D1BC}.Release|x64.Build.0 = Release|x64
		{00DA3220-2261-46C6-A0F0-D8AFC4A1D1BC}.Release|x86.ActiveCfg = Release|Win32
		{00DA3220-2261-46C6-A0F0-D8AFC4A1D1BC}.Release|x86.Build.0 = Release|Win32
	EndGlobalSection
	GlobalSection(SolutionProperties) = preSolution
		HideSolutionNode = FALSE
	EndGlobalSection
EndGlobal
